PODS:
  - boost (1.76.0)
  - BVLinearGradient (2.8.3):
    - React-Core
  - CocoaAsyncSocket (7.6.5)
  - DoubleConversion (1.1.6)
  - FBLazyVector (0.70.15)
  - FBReactNativeSpec (0.70.15):
    - RCT-Folly (= 2021.07.22.00)
    - RCTRequired (= 0.70.15)
    - RCTTypeSafety (= 0.70.15)
    - React-Core (= 0.70.15)
    - React-jsi (= 0.70.15)
    - ReactCommon/turbomodule/core (= 0.70.15)
  - Flipper (0.125.0):
    - Flipper-Folly (~> 2.6)
    - Flipper-RSocket (~> 1.4)
  - Flipper-Boost-iOSX (1.76.0.1.11)
  - Flipper-DoubleConversion (3.2.0.1)
  - Flipper-Fmt (7.1.7)
  - Flipper-Folly (2.6.10):
    - Flipper-Boost-iOSX
    - Flipper-DoubleConversion
    - Flipper-Fmt (= 7.1.7)
    - Flipper-Glog
    - libevent (~> 2.1.12)
    - OpenSSL-Universal (= 1.1.1100)
  - Flipper-Glog (0.5.0.5)
  - Flipper-PeerTalk (0.0.4)
  - Flipper-RSocket (1.4.3):
    - Flipper-Folly (~> 2.6)
  - FlipperKit (0.125.0):
    - FlipperKit/Core (= 0.125.0)
  - FlipperKit/Core (0.125.0):
    - Flipper (~> 0.125.0)
    - FlipperKit/CppBridge
    - FlipperKit/FBCxxFollyDynamicConvert
    - FlipperKit/FBDefines
    - FlipperKit/FKPortForwarding
    - SocketRocket (~> 0.6.0)
  - FlipperKit/CppBridge (0.125.0):
    - Flipper (~> 0.125.0)
  - FlipperKit/FBCxxFollyDynamicConvert (0.125.0):
    - Flipper-Folly (~> 2.6)
  - FlipperKit/FBDefines (0.125.0)
  - FlipperKit/FKPortForwarding (0.125.0):
    - CocoaAsyncSocket (~> 7.6)
    - Flipper-PeerTalk (~> 0.0.4)
  - FlipperKit/FlipperKitHighlightOverlay (0.125.0)
  - FlipperKit/FlipperKitLayoutHelpers (0.125.0):
    - FlipperKit/Core
    - FlipperKit/FlipperKitHighlightOverlay
    - FlipperKit/FlipperKitLayoutTextSearchable
  - FlipperKit/FlipperKitLayoutIOSDescriptors (0.125.0):
    - FlipperKit/Core
    - FlipperKit/FlipperKitHighlightOverlay
    - FlipperKit/FlipperKitLayoutHelpers
    - YogaKit (~> 1.18)
  - FlipperKit/FlipperKitLayoutPlugin (0.125.0):
    - FlipperKit/Core
    - FlipperKit/FlipperKitHighlightOverlay
    - FlipperKit/FlipperKitLayoutHelpers
    - FlipperKit/FlipperKitLayoutIOSDescriptors
    - FlipperKit/FlipperKitLayoutTextSearchable
    - YogaKit (~> 1.18)
  - FlipperKit/FlipperKitLayoutTextSearchable (0.125.0)
  - FlipperKit/FlipperKitNetworkPlugin (0.125.0):
    - FlipperKit/Core
  - FlipperKit/FlipperKitReactPlugin (0.125.0):
    - FlipperKit/Core
  - FlipperKit/FlipperKitUserDefaultsPlugin (0.125.0):
    - FlipperKit/Core
  - FlipperKit/SKIOSNetworkPlugin (0.125.0):
    - FlipperKit/Core
    - FlipperKit/FlipperKitNetworkPlugin
  - fmt (6.2.1)
  - glog (0.3.5)
  - GoogleDataTransport (9.3.0):
    - GoogleUtilities/Environment (~> 7.7)
    - nanopb (< 2.30910.0, >= 2.30908.0)
    - PromisesObjC (< 3.0, >= 1.2)
  - GoogleMLKit/BarcodeScanning (5.0.0):
    - GoogleMLKit/MLKitCore
    - MLKitBarcodeScanning (~> 4.0.0)
  - GoogleMLKit/MLKitCore (5.0.0):
    - MLKitCommon (~> 10.0.0)
  - GoogleToolboxForMac/DebugUtils (2.3.2):
    - GoogleToolboxForMac/Defines (= 2.3.2)
  - GoogleToolboxForMac/Defines (2.3.2)
  - GoogleToolboxForMac/Logger (2.3.2):
    - GoogleToolboxForMac/Defines (= 2.3.2)
  - "GoogleToolboxForMac/NSData+zlib (2.3.2)":
    - GoogleToolboxForMac/Defines (= 2.3.2)
  - "GoogleToolboxForMac/NSDictionary+URLArguments (2.3.2)":
    - GoogleToolboxForMac/DebugUtils (= 2.3.2)
    - GoogleToolboxForMac/Defines (= 2.3.2)
    - "GoogleToolboxForMac/NSString+URLArguments (= 2.3.2)"
  - "GoogleToolboxForMac/NSString+URLArguments (2.3.2)"
  - GoogleUtilities/Environment (7.12.0):
    - PromisesObjC (< 3.0, >= 1.2)
  - GoogleUtilities/Logger (7.12.0):
    - GoogleUtilities/Environment
  - GoogleUtilities/UserDefaults (7.12.0):
    - GoogleUtilities/Logger
  - GoogleUtilitiesComponents (1.1.0):
    - GoogleUtilities/Logger
  - GTMSessionFetcher/Core (3.3.1)
  - hermes-engine (0.70.15)
  - libevent (2.1.12)
  - MLImage (1.0.0-beta5)
  - MLKitBarcodeScanning (4.0.0):
    - MLKitCommon (~> 10.0)
    - MLKitVision (~> 6.0)
  - MLKitCommon (10.0.0):
    - GoogleDataTransport (~> 9.0)
    - GoogleToolboxForMac/Logger (~> 2.1)
    - "GoogleToolboxForMac/NSData+zlib (~> 2.1)"
    - "GoogleToolboxForMac/NSDictionary+URLArguments (~> 2.1)"
    - GoogleUtilities/UserDefaults (~> 7.0)
    - GoogleUtilitiesComponents (~> 1.0)
    - GTMSessionFetcher/Core (< 4.0, >= 1.1)
  - MLKitVision (6.0.0):
    - GoogleToolboxForMac/Logger (~> 2.1)
    - "GoogleToolboxForMac/NSData+zlib (~> 2.1)"
    - GTMSessionFetcher/Core (< 4.0, >= 1.1)
    - MLImage (= 1.0.0-beta5)
    - MLKitCommon (~> 10.0)
  - MMKV (1.3.3):
    - MMKVCore (~> 1.3.3)
  - MMKVCore (1.3.3)
  - nanopb (2.30909.1):
    - nanopb/decode (= 2.30909.1)
    - nanopb/encode (= 2.30909.1)
  - nanopb/decode (2.30909.1)
  - nanopb/encode (2.30909.1)
  - OpenSSL-Universal (1.1.1100)
  - PromisesObjC (2.4.0)
  - RCT-Folly (2021.07.22.00):
    - boost
    - DoubleConversion
    - fmt (~> 6.2.1)
    - glog
    - RCT-Folly/Default (= 2021.07.22.00)
  - RCT-Folly/Default (2021.07.22.00):
    - boost
    - DoubleConversion
    - fmt (~> 6.2.1)
    - glog
  - RCT-Folly/Futures (2021.07.22.00):
    - boost
    - DoubleConversion
    - fmt (~> 6.2.1)
    - glog
    - libevent
  - RCTRequired (0.70.15)
  - RCTTypeSafety (0.70.15):
    - FBLazyVector (= 0.70.15)
    - RCTRequired (= 0.70.15)
    - React-Core (= 0.70.15)
  - React (0.70.15):
    - React-Core (= 0.70.15)
    - React-Core/DevSupport (= 0.70.15)
    - React-Core/RCTWebSocket (= 0.70.15)
    - React-RCTActionSheet (= 0.70.15)
    - React-RCTAnimation (= 0.70.15)
    - React-RCTBlob (= 0.70.15)
    - React-RCTImage (= 0.70.15)
    - React-RCTLinking (= 0.70.15)
    - React-RCTNetwork (= 0.70.15)
    - React-RCTSettings (= 0.70.15)
    - React-RCTText (= 0.70.15)
    - React-RCTVibration (= 0.70.15)
  - React-bridging (0.70.15):
    - RCT-Folly (= 2021.07.22.00)
    - React-jsi (= 0.70.15)
  - React-callinvoker (0.70.15)
  - React-Codegen (0.70.15):
    - FBReactNativeSpec (= 0.70.15)
    - RCT-Folly (= 2021.07.22.00)
    - RCTRequired (= 0.70.15)
    - RCTTypeSafety (= 0.70.15)
    - React-Core (= 0.70.15)
    - React-jsi (= 0.70.15)
    - React-jsiexecutor (= 0.70.15)
    - ReactCommon/turbomodule/core (= 0.70.15)
  - React-Core (0.70.15):
    - glog
    - RCT-Folly (= 2021.07.22.00)
    - React-Core/Default (= 0.70.15)
    - React-cxxreact (= 0.70.15)
    - React-jsi (= 0.70.15)
    - React-jsiexecutor (= 0.70.15)
    - React-perflogger (= 0.70.15)
    - Yoga
  - React-Core/CoreModulesHeaders (0.70.15):
    - glog
    - RCT-Folly (= 2021.07.22.00)
    - React-Core/Default
    - React-cxxreact (= 0.70.15)
    - React-jsi (= 0.70.15)
    - React-jsiexecutor (= 0.70.15)
    - React-perflogger (= 0.70.15)
    - Yoga
  - React-Core/Default (0.70.15):
    - glog
    - RCT-Folly (= 2021.07.22.00)
    - React-cxxreact (= 0.70.15)
    - React-jsi (= 0.70.15)
    - React-jsiexecutor (= 0.70.15)
    - React-perflogger (= 0.70.15)
    - Yoga
  - React-Core/DevSupport (0.70.15):
    - glog
    - RCT-Folly (= 2021.07.22.00)
    - React-Core/Default (= 0.70.15)
    - React-Core/RCTWebSocket (= 0.70.15)
    - React-cxxreact (= 0.70.15)
    - React-jsi (= 0.70.15)
    - React-jsiexecutor (= 0.70.15)
    - React-jsinspector (= 0.70.15)
    - React-perflogger (= 0.70.15)
    - Yoga
  - React-Core/RCTActionSheetHeaders (0.70.15):
    - glog
    - RCT-Folly (= 2021.07.22.00)
    - React-Core/Default
    - React-cxxreact (= 0.70.15)
    - React-jsi (= 0.70.15)
    - React-jsiexecutor (= 0.70.15)
    - React-perflogger (= 0.70.15)
    - Yoga
  - React-Core/RCTAnimationHeaders (0.70.15):
    - glog
    - RCT-Folly (= 2021.07.22.00)
    - React-Core/Default
    - React-cxxreact (= 0.70.15)
    - React-jsi (= 0.70.15)
    - React-jsiexecutor (= 0.70.15)
    - React-perflogger (= 0.70.15)
    - Yoga
  - React-Core/RCTBlobHeaders (0.70.15):
    - glog
    - RCT-Folly (= 2021.07.22.00)
    - React-Core/Default
    - React-cxxreact (= 0.70.15)
    - React-jsi (= 0.70.15)
    - React-jsiexecutor (= 0.70.15)
    - React-perflogger (= 0.70.15)
    - Yoga
  - React-Core/RCTImageHeaders (0.70.15):
    - glog
    - RCT-Folly (= 2021.07.22.00)
    - React-Core/Default
    - React-cxxreact (= 0.70.15)
    - React-jsi (= 0.70.15)
    - React-jsiexecutor (= 0.70.15)
    - React-perflogger (= 0.70.15)
    - Yoga
  - React-Core/RCTLinkingHeaders (0.70.15):
    - glog
    - RCT-Folly (= 2021.07.22.00)
    - React-Core/Default
    - React-cxxreact (= 0.70.15)
    - React-jsi (= 0.70.15)
    - React-jsiexecutor (= 0.70.15)
    - React-perflogger (= 0.70.15)
    - Yoga
  - React-Core/RCTNetworkHeaders (0.70.15):
    - glog
    - RCT-Folly (= 2021.07.22.00)
    - React-Core/Default
    - React-cxxreact (= 0.70.15)
    - React-jsi (= 0.70.15)
    - React-jsiexecutor (= 0.70.15)
    - React-perflogger (= 0.70.15)
    - Yoga
  - React-Core/RCTSettingsHeaders (0.70.15):
    - glog
    - RCT-Folly (= 2021.07.22.00)
    - React-Core/Default
    - React-cxxreact (= 0.70.15)
    - React-jsi (= 0.70.15)
    - React-jsiexecutor (= 0.70.15)
    - React-perflogger (= 0.70.15)
    - Yoga
  - React-Core/RCTTextHeaders (0.70.15):
    - glog
    - RCT-Folly (= 2021.07.22.00)
    - React-Core/Default
    - React-cxxreact (= 0.70.15)
    - React-jsi (= 0.70.15)
    - React-jsiexecutor (= 0.70.15)
    - React-perflogger (= 0.70.15)
    - Yoga
  - React-Core/RCTVibrationHeaders (0.70.15):
    - glog
    - RCT-Folly (= 2021.07.22.00)
    - React-Core/Default
    - React-cxxreact (= 0.70.15)
    - React-jsi (= 0.70.15)
    - React-jsiexecutor (= 0.70.15)
    - React-perflogger (= 0.70.15)
    - Yoga
  - React-Core/RCTWebSocket (0.70.15):
    - glog
    - RCT-Folly (= 2021.07.22.00)
    - React-Core/Default (= 0.70.15)
    - React-cxxreact (= 0.70.15)
    - React-jsi (= 0.70.15)
    - React-jsiexecutor (= 0.70.15)
    - React-perflogger (= 0.70.15)
    - Yoga
  - React-CoreModules (0.70.15):
    - RCT-Folly (= 2021.07.22.00)
    - RCTTypeSafety (= 0.70.15)
    - React-Codegen (= 0.70.15)
    - React-Core/CoreModulesHeaders (= 0.70.15)
    - React-jsi (= 0.70.15)
    - React-RCTImage (= 0.70.15)
    - ReactCommon/turbomodule/core (= 0.70.15)
  - React-cxxreact (0.70.15):
    - boost (= 1.76.0)
    - DoubleConversion
    - glog
    - RCT-Folly (= 2021.07.22.00)
    - React-callinvoker (= 0.70.15)
    - React-jsi (= 0.70.15)
    - React-jsinspector (= 0.70.15)
    - React-logger (= 0.70.15)
    - React-perflogger (= 0.70.15)
    - React-runtimeexecutor (= 0.70.15)
  - React-hermes (0.70.15):
    - DoubleConversion
    - glog
    - hermes-engine
    - RCT-Folly (= 2021.07.22.00)
    - RCT-Folly/Futures (= 2021.07.22.00)
    - React-cxxreact (= 0.70.15)
    - React-jsi (= 0.70.15)
    - React-jsiexecutor (= 0.70.15)
    - React-jsinspector (= 0.70.15)
    - React-perflogger (= 0.70.15)
  - React-jsi (0.70.15):
    - boost (= 1.76.0)
    - DoubleConversion
    - glog
    - RCT-Folly (= 2021.07.22.00)
    - React-jsi/Default (= 0.70.15)
  - React-jsi/Default (0.70.15):
    - boost (= 1.76.0)
    - DoubleConversion
    - glog
    - RCT-Folly (= 2021.07.22.00)
  - React-jsiexecutor (0.70.15):
    - DoubleConversion
    - glog
    - RCT-Folly (= 2021.07.22.00)
    - React-cxxreact (= 0.70.15)
    - React-jsi (= 0.70.15)
    - React-perflogger (= 0.70.15)
  - React-jsinspector (0.70.15)
  - React-logger (0.70.15):
    - glog
  - react-native-blob-util (0.17.3):
    - React-Core
  - react-native-contacts (7.0.8):
    - React-Core
  - react-native-date-picker (4.4.2):
    - React-Core
  - react-native-document-picker (9.1.2):
    - React-Core
  - react-native-mmkv (2.5.1):
    - MMKV (>= 1.2.13)
    - React-Core
  - react-native-safe-area-context (4.10.1):
    - React-Core
  - react-native-webview (11.26.1):
    - React-Core
  - React-perflogger (0.70.15)
  - React-RCTActionSheet (0.70.15):
    - React-Core/RCTActionSheetHeaders (= 0.70.15)
  - React-RCTAnimation (0.70.15):
    - RCT-Folly (= 2021.07.22.00)
    - RCTTypeSafety (= 0.70.15)
    - React-Codegen (= 0.70.15)
    - React-Core/RCTAnimationHeaders (= 0.70.15)
    - React-jsi (= 0.70.15)
    - ReactCommon/turbomodule/core (= 0.70.15)
  - React-RCTBlob (0.70.15):
    - RCT-Folly (= 2021.07.22.00)
    - React-Codegen (= 0.70.15)
    - React-Core/RCTBlobHeaders (= 0.70.15)
    - React-Core/RCTWebSocket (= 0.70.15)
    - React-jsi (= 0.70.15)
    - React-RCTNetwork (= 0.70.15)
    - ReactCommon/turbomodule/core (= 0.70.15)
  - React-RCTImage (0.70.15):
    - RCT-Folly (= 2021.07.22.00)
    - RCTTypeSafety (= 0.70.15)
    - React-Codegen (= 0.70.15)
    - React-Core/RCTImageHeaders (= 0.70.15)
    - React-jsi (= 0.70.15)
    - React-RCTNetwork (= 0.70.15)
    - ReactCommon/turbomodule/core (= 0.70.15)
  - React-RCTLinking (0.70.15):
    - React-Codegen (= 0.70.15)
    - React-Core/RCTLinkingHeaders (= 0.70.15)
    - React-jsi (= 0.70.15)
    - ReactCommon/turbomodule/core (= 0.70.15)
  - React-RCTNetwork (0.70.15):
    - RCT-Folly (= 2021.07.22.00)
    - RCTTypeSafety (= 0.70.15)
    - React-Codegen (= 0.70.15)
    - React-Core/RCTNetworkHeaders (= 0.70.15)
    - React-jsi (= 0.70.15)
    - ReactCommon/turbomodule/core (= 0.70.15)
  - React-RCTSettings (0.70.15):
    - RCT-Folly (= 2021.07.22.00)
    - RCTTypeSafety (= 0.70.15)
    - React-Codegen (= 0.70.15)
    - React-Core/RCTSettingsHeaders (= 0.70.15)
    - React-jsi (= 0.70.15)
    - ReactCommon/turbomodule/core (= 0.70.15)
  - React-RCTText (0.70.15):
    - React-Core/RCTTextHeaders (= 0.70.15)
  - React-RCTVibration (0.70.15):
    - RCT-Folly (= 2021.07.22.00)
    - React-Codegen (= 0.70.15)
    - React-Core/RCTVibrationHeaders (= 0.70.15)
    - React-jsi (= 0.70.15)
    - ReactCommon/turbomodule/core (= 0.70.15)
  - React-runtimeexecutor (0.70.15):
    - React-jsi (= 0.70.15)
  - ReactCommon/turbomodule/core (0.70.15):
    - DoubleConversion
    - glog
    - RCT-Folly (= 2021.07.22.00)
    - React-bridging (= 0.70.15)
    - React-callinvoker (= 0.70.15)
    - React-Core (= 0.70.15)
    - React-cxxreact (= 0.70.15)
    - React-jsi (= 0.70.15)
    - React-logger (= 0.70.15)
    - React-perflogger (= 0.70.15)
  - RNCClipboard (1.13.2):
    - React-Core
  - RNDeviceInfo (10.13.2):
    - React-Core
  - RNFileViewer (2.1.5):
    - React-Core
  - RNFS (2.20.0):
    - React-Core
  - RNGestureHandler (2.16.1):
    - React-Core
  - RNReanimated (2.17.0):
    - DoubleConversion
    - FBLazyVector
    - FBReactNativeSpec
    - glog
    - RCT-Folly
    - RCTRequired
    - RCTTypeSafety
    - React-callinvoker
    - React-Core
    - React-Core/DevSupport
    - React-Core/RCTWebSocket
    - React-CoreModules
    - React-cxxreact
    - React-jsi
    - React-jsiexecutor
    - React-jsinspector
    - React-RCTActionSheet
    - React-RCTAnimation
    - React-RCTBlob
    - React-RCTImage
    - React-RCTLinking
    - React-RCTNetwork
    - React-RCTSettings
    - React-RCTText
    - ReactCommon/turbomodule/core
    - Yoga
  - RNScreens (3.18.2):
    - React-Core
    - React-RCTImage
  - RNStaticSafeAreaInsets (2.2.0):
    - React-Core
  - RNSVG (13.14.0):
    - React-Core
  - RNVectorIcons (10.0.3):
    - React-Core
  - SocketRocket (0.6.1)
  - vision-camera-code-scanner (0.2.0):
    - GoogleMLKit/BarcodeScanning
    - React-Core
  - VisionCamera (2.15.6):
    - React
    - React-callinvoker
    - React-Core
  - Yoga (1.14.0)
  - YogaKit (1.18.1):
    - Yoga (~> 1.14)

DEPENDENCIES:
  - boost (from `../node_modules/react-native/third-party-podspecs/boost.podspec`)
  - BVLinearGradient (from `../node_modules/react-native-linear-gradient`)
  - DoubleConversion (from `../node_modules/react-native/third-party-podspecs/DoubleConversion.podspec`)
  - FBLazyVector (from `../node_modules/react-native/Libraries/FBLazyVector`)
  - FBReactNativeSpec (from `../node_modules/react-native/React/FBReactNativeSpec`)
  - Flipper (= 0.125.0)
  - Flipper-Boost-iOSX (= 1.76.0.1.11)
  - Flipper-DoubleConversion (= 3.2.0.1)
  - Flipper-Fmt (= 7.1.7)
  - Flipper-Folly (= 2.6.10)
  - Flipper-Glog (= 0.5.0.5)
  - Flipper-PeerTalk (= 0.0.4)
  - Flipper-RSocket (= 1.4.3)
  - FlipperKit (= 0.125.0)
  - FlipperKit/Core (= 0.125.0)
  - FlipperKit/CppBridge (= 0.125.0)
  - FlipperKit/FBCxxFollyDynamicConvert (= 0.125.0)
  - FlipperKit/FBDefines (= 0.125.0)
  - FlipperKit/FKPortForwarding (= 0.125.0)
  - FlipperKit/FlipperKitHighlightOverlay (= 0.125.0)
  - FlipperKit/FlipperKitLayoutPlugin (= 0.125.0)
  - FlipperKit/FlipperKitLayoutTextSearchable (= 0.125.0)
  - FlipperKit/FlipperKitNetworkPlugin (= 0.125.0)
  - FlipperKit/FlipperKitReactPlugin (= 0.125.0)
  - FlipperKit/FlipperKitUserDefaultsPlugin (= 0.125.0)
  - FlipperKit/SKIOSNetworkPlugin (= 0.125.0)
  - glog (from `../node_modules/react-native/third-party-podspecs/glog.podspec`)
  - hermes-engine (from `../node_modules/react-native/sdks/hermes/hermes-engine.podspec`)
  - libevent (~> 2.1.12)
  - OpenSSL-Universal (= 1.1.1100)
  - RCT-Folly (from `../node_modules/react-native/third-party-podspecs/RCT-Folly.podspec`)
  - RCTRequired (from `../node_modules/react-native/Libraries/RCTRequired`)
  - RCTTypeSafety (from `../node_modules/react-native/Libraries/TypeSafety`)
  - React (from `../node_modules/react-native/`)
  - React-bridging (from `../node_modules/react-native/ReactCommon`)
  - React-callinvoker (from `../node_modules/react-native/ReactCommon/callinvoker`)
  - React-Codegen (from `build/generated/ios`)
  - React-Core (from `../node_modules/react-native/`)
  - React-Core/DevSupport (from `../node_modules/react-native/`)
  - React-Core/RCTWebSocket (from `../node_modules/react-native/`)
  - React-CoreModules (from `../node_modules/react-native/React/CoreModules`)
  - React-cxxreact (from `../node_modules/react-native/ReactCommon/cxxreact`)
  - React-hermes (from `../node_modules/react-native/ReactCommon/hermes`)
  - React-jsi (from `../node_modules/react-native/ReactCommon/jsi`)
  - React-jsiexecutor (from `../node_modules/react-native/ReactCommon/jsiexecutor`)
  - React-jsinspector (from `../node_modules/react-native/ReactCommon/jsinspector`)
  - React-logger (from `../node_modules/react-native/ReactCommon/logger`)
  - react-native-blob-util (from `../node_modules/react-native-blob-util`)
  - react-native-contacts (from `../node_modules/react-native-contacts`)
  - react-native-date-picker (from `../node_modules/react-native-date-picker`)
  - react-native-document-picker (from `../node_modules/react-native-document-picker`)
  - react-native-mmkv (from `../node_modules/react-native-mmkv`)
  - react-native-safe-area-context (from `../node_modules/react-native-safe-area-context`)
  - react-native-webview (from `../node_modules/react-native-webview`)
  - React-perflogger (from `../node_modules/react-native/ReactCommon/reactperflogger`)
  - React-RCTActionSheet (from `../node_modules/react-native/Libraries/ActionSheetIOS`)
  - React-RCTAnimation (from `../node_modules/react-native/Libraries/NativeAnimation`)
  - React-RCTBlob (from `../node_modules/react-native/Libraries/Blob`)
  - React-RCTImage (from `../node_modules/react-native/Libraries/Image`)
  - React-RCTLinking (from `../node_modules/react-native/Libraries/LinkingIOS`)
  - React-RCTNetwork (from `../node_modules/react-native/Libraries/Network`)
  - React-RCTSettings (from `../node_modules/react-native/Libraries/Settings`)
  - React-RCTText (from `../node_modules/react-native/Libraries/Text`)
  - React-RCTVibration (from `../node_modules/react-native/Libraries/Vibration`)
  - React-runtimeexecutor (from `../node_modules/react-native/ReactCommon/runtimeexecutor`)
  - ReactCommon/turbomodule/core (from `../node_modules/react-native/ReactCommon`)
  - "RNCClipboard (from `../node_modules/@react-native-clipboard/clipboard`)"
  - RNDeviceInfo (from `../node_modules/react-native-device-info`)
  - RNFileViewer (from `../node_modules/react-native-file-viewer`)
  - RNFS (from `../node_modules/react-native-fs`)
  - RNGestureHandler (from `../node_modules/react-native-gesture-handler`)
  - RNReanimated (from `../node_modules/react-native-reanimated`)
  - RNScreens (from `../node_modules/react-native-screens`)
  - RNStaticSafeAreaInsets (from `../node_modules/react-native-static-safe-area-insets`)
  - RNSVG (from `../node_modules/react-native-svg`)
  - RNVectorIcons (from `../node_modules/react-native-vector-icons`)
  - vision-camera-code-scanner (from `../node_modules/vision-camera-code-scanner`)
  - VisionCamera (from `../node_modules/react-native-vision-camera`)
  - Yoga (from `../node_modules/react-native/ReactCommon/yoga`)

SPEC REPOS:
  trunk:
    - CocoaAsyncSocket
    - Flipper
    - Flipper-Boost-iOSX
    - Flipper-DoubleConversion
    - Flipper-Fmt
    - Flipper-Folly
    - Flipper-Glog
    - Flipper-PeerTalk
    - Flipper-RSocket
    - FlipperKit
    - fmt
    - GoogleDataTransport
    - GoogleMLKit
    - GoogleToolboxForMac
    - GoogleUtilities
    - GoogleUtilitiesComponents
    - GTMSessionFetcher
    - libevent
    - MLImage
    - MLKitBarcodeScanning
    - MLKitCommon
    - MLKitVision
    - MMKV
    - MMKVCore
    - nanopb
    - OpenSSL-Universal
    - PromisesObjC
    - SocketRocket
    - YogaKit

EXTERNAL SOURCES:
  boost:
    :podspec: "../node_modules/react-native/third-party-podspecs/boost.podspec"
  BVLinearGradient:
    :path: "../node_modules/react-native-linear-gradient"
  DoubleConversion:
    :podspec: "../node_modules/react-native/third-party-podspecs/DoubleConversion.podspec"
  FBLazyVector:
    :path: "../node_modules/react-native/Libraries/FBLazyVector"
  FBReactNativeSpec:
    :path: "../node_modules/react-native/React/FBReactNativeSpec"
  glog:
    :podspec: "../node_modules/react-native/third-party-podspecs/glog.podspec"
  hermes-engine:
    :podspec: "../node_modules/react-native/sdks/hermes/hermes-engine.podspec"
  RCT-Folly:
    :podspec: "../node_modules/react-native/third-party-podspecs/RCT-Folly.podspec"
  RCTRequired:
    :path: "../node_modules/react-native/Libraries/RCTRequired"
  RCTTypeSafety:
    :path: "../node_modules/react-native/Libraries/TypeSafety"
  React:
    :path: "../node_modules/react-native/"
  React-bridging:
    :path: "../node_modules/react-native/ReactCommon"
  React-callinvoker:
    :path: "../node_modules/react-native/ReactCommon/callinvoker"
  React-Codegen:
    :path: build/generated/ios
  React-Core:
    :path: "../node_modules/react-native/"
  React-CoreModules:
    :path: "../node_modules/react-native/React/CoreModules"
  React-cxxreact:
    :path: "../node_modules/react-native/ReactCommon/cxxreact"
  React-hermes:
    :path: "../node_modules/react-native/ReactCommon/hermes"
  React-jsi:
    :path: "../node_modules/react-native/ReactCommon/jsi"
  React-jsiexecutor:
    :path: "../node_modules/react-native/ReactCommon/jsiexecutor"
  React-jsinspector:
    :path: "../node_modules/react-native/ReactCommon/jsinspector"
  React-logger:
    :path: "../node_modules/react-native/ReactCommon/logger"
  react-native-blob-util:
    :path: "../node_modules/react-native-blob-util"
  react-native-contacts:
    :path: "../node_modules/react-native-contacts"
  react-native-date-picker:
    :path: "../node_modules/react-native-date-picker"
  react-native-document-picker:
    :path: "../node_modules/react-native-document-picker"
  react-native-mmkv:
    :path: "../node_modules/react-native-mmkv"
  react-native-safe-area-context:
    :path: "../node_modules/react-native-safe-area-context"
  react-native-webview:
    :path: "../node_modules/react-native-webview"
  React-perflogger:
    :path: "../node_modules/react-native/ReactCommon/reactperflogger"
  React-RCTActionSheet:
    :path: "../node_modules/react-native/Libraries/ActionSheetIOS"
  React-RCTAnimation:
    :path: "../node_modules/react-native/Libraries/NativeAnimation"
  React-RCTBlob:
    :path: "../node_modules/react-native/Libraries/Blob"
  React-RCTImage:
    :path: "../node_modules/react-native/Libraries/Image"
  React-RCTLinking:
    :path: "../node_modules/react-native/Libraries/LinkingIOS"
  React-RCTNetwork:
    :path: "../node_modules/react-native/Libraries/Network"
  React-RCTSettings:
    :path: "../node_modules/react-native/Libraries/Settings"
  React-RCTText:
    :path: "../node_modules/react-native/Libraries/Text"
  React-RCTVibration:
    :path: "../node_modules/react-native/Libraries/Vibration"
  React-runtimeexecutor:
    :path: "../node_modules/react-native/ReactCommon/runtimeexecutor"
  ReactCommon:
    :path: "../node_modules/react-native/ReactCommon"
  RNCClipboard:
    :path: "../node_modules/@react-native-clipboard/clipboard"
  RNDeviceInfo:
    :path: "../node_modules/react-native-device-info"
  RNFileViewer:
    :path: "../node_modules/react-native-file-viewer"
  RNFS:
    :path: "../node_modules/react-native-fs"
  RNGestureHandler:
    :path: "../node_modules/react-native-gesture-handler"
  RNReanimated:
    :path: "../node_modules/react-native-reanimated"
  RNScreens:
    :path: "../node_modules/react-native-screens"
  RNStaticSafeAreaInsets:
    :path: "../node_modules/react-native-static-safe-area-insets"
  RNSVG:
    :path: "../node_modules/react-native-svg"
  RNVectorIcons:
    :path: "../node_modules/react-native-vector-icons"
  vision-camera-code-scanner:
    :path: "../node_modules/vision-camera-code-scanner"
  VisionCamera:
    :path: "../node_modules/react-native-vision-camera"
  Yoga:
    :path: "../node_modules/react-native/ReactCommon/yoga"

SPEC CHECKSUMS:
  boost: 9fa78656d705f55b1220151d997e57e2a3f2cde0
  BVLinearGradient: 880f91a7854faff2df62518f0281afb1c60d49a3
  CocoaAsyncSocket: 065fd1e645c7abab64f7a6a2007a48038fdc6a99
  DoubleConversion: 5189b271737e1565bdce30deb4a08d647e3f5f54
  FBLazyVector: 9cf707e46f9bd90816b7c91b2c1c8b8a2f549527
  FBReactNativeSpec: 5ce1ea97a4309ded19af6c21f13f63ee3cabfed2
  Flipper: 26fc4b7382499f1281eb8cb921e5c3ad6de91fe0
  Flipper-Boost-iOSX: fd1e2b8cbef7e662a122412d7ac5f5bea715403c
  Flipper-DoubleConversion: 2dc99b02f658daf147069aad9dbd29d8feb06d30
  Flipper-Fmt: 60cbdd92fc254826e61d669a5d87ef7015396a9b
  Flipper-Folly: 584845625005ff068a6ebf41f857f468decd26b3
  Flipper-Glog: 70c50ce58ddaf67dc35180db05f191692570f446
  Flipper-PeerTalk: 116d8f857dc6ef55c7a5a75ea3ceaafe878aadc9
  Flipper-RSocket: d9d9ade67cbecf6ac10730304bf5607266dd2541
  FlipperKit: cbdee19bdd4e7f05472a66ce290f1b729ba3cb86
  fmt: ff9d55029c625d3757ed641535fd4a75fedc7ce9
  glog: 04b94705f318337d7ead9e6d17c019bd9b1f6b1b
  GoogleDataTransport: 57c22343ab29bc686febbf7cbb13bad167c2d8fe
  GoogleMLKit: 90ba06e028795a50261f29500d238d6061538711
  GoogleToolboxForMac: 8bef7c7c5cf7291c687cf5354f39f9db6399ad34
  GoogleUtilities: 0759d1a57ebb953965c2dfe0ba4c82e95ccc2e34
  GoogleUtilitiesComponents: 679b2c881db3b615a2777504623df6122dd20afe
  GTMSessionFetcher: 8a1b34ad97ebe6f909fb8b9b77fba99943007556
  hermes-engine: 2592781da1571e4375dfd897f9462638c2d0ceb9
  libevent: 4049cae6c81cdb3654a443be001fb9bdceff7913
  MLImage: 1824212150da33ef225fbd3dc49f184cf611046c
  MLKitBarcodeScanning: 9cb0ec5ec65bbb5db31de4eba0a3289626beab4e
  MLKitCommon: afcd11b6c0735066a0dde8b4bf2331f6197cbca2
  MLKitVision: 90922bca854014a856f8b649d1f1f04f63fd9c79
  MMKV: f902fb6719da13c2ab0965233d8963a59416f911
  MMKVCore: d26e4d3edd5cb8588c2569222cbd8be4231374e9
  nanopb: d4d75c12cd1316f4a64e3c6963f879ecd4b5e0d5
  OpenSSL-Universal: ebc357f1e6bc71fa463ccb2fe676756aff50e88c
  PromisesObjC: f5707f49cb48b9636751c5b2e7d227e43fba9f47
  RCT-Folly: 0080d0a6ebf2577475bda044aa59e2ca1f909cda
  RCTRequired: 2a96ea90ffddd10cc43115bd93803692e09b5d9a
  RCTTypeSafety: 02c99baddcf0b3393bf58e6d9b792e83a37716b4
  React: 45e3210df90d25ec6da7fc286943b377b63a92ec
  React-bridging: e3a18265bbd59003562e29429985e0923a5b6286
  React-callinvoker: 344ff205a470c3c99b4daf0a2dff9bc29045d6c5
  React-Codegen: 2b1765b0e1a38b8b3601178ca27c1e9216e81632
  React-Core: 93efb81ef85fafee7f83f7ef6ecf546b2e1ee2c0
  React-CoreModules: 4eb535b1650b718cb3680767c1b9a1cacf649cbc
  React-cxxreact: 283248db3101de28d6cf0fe438a2dc95537ee472
  React-hermes: 5439b771de0b04930c97888cc4c28852aa37389c
  React-jsi: 560bdf0bc36d5c137ac962c0eb4b60b50c304d77
  React-jsiexecutor: d2eebcd5a432f90be3baa5d1309f47d05478ea61
  React-jsinspector: bfedded1f4f562d29c2d4a8bb795c9a150a739e4
  React-logger: 31f198387a04172be49fe38e41a082560a81aeeb
  react-native-blob-util: 99f4d79189252f597fe0d810c57a3733b1b1dea6
  react-native-contacts: cb4f3b823550adbce0802901b9e63bf1526ec0af
  react-native-date-picker: 312c387d2ff873c66c5e4cf78ff6827fa91644e2
  react-native-document-picker: 86bcfb8e2c94cd587ca9feb0049831b806df590d
  react-native-mmkv: 69b9c003f10afdd01addf7c6ee784ce42ee2eff3
  react-native-safe-area-context: dcab599c527c2d7de2d76507a523d20a0b83823d
  react-native-webview: 9f111dfbcfc826084d6c507f569e5e03342ee1c1
  React-perflogger: 010e98d3335e5185a8f7496babca50d82a042e84
  React-RCTActionSheet: 0f585d684b540a5bbfc62b0a1fbc5292cff2aefc
  React-RCTAnimation: eb0e5b020333f9cc652d85f27a47086fbf56fffd
  React-RCTBlob: 4af18ad2a64515c3ede9b829e8532f1508e00894
  React-RCTImage: 08787efa5378ad0e7344943eed1b898619cf956a
  React-RCTLinking: ea7ec6fbfdb04df7895c39f15f0e7479acc43bca
  React-RCTNetwork: 926b436b6afada9905d969a8e3713cf204905a00
  React-RCTSettings: cc083c9b6e126b7e6ea1128e64837d8b78ceb219
  React-RCTText: c36ddf2bda5131b325e1c2763700f0a63a963e1d
  React-RCTVibration: 12a2a859fa22368d2fc3ca7594504fd130b91a18
  React-runtimeexecutor: 04332dda2f2335ea4ddaf9255de069d3269f4e8b
  ReactCommon: 200471e0841cf2f7cde1fa2ef3d3c199ed970c07
  RNCClipboard: 60fed4b71560d7bfe40e9d35dea9762b024da86d
  RNDeviceInfo: 42aadf1282ffa0a88dc38a504a7be145eb010dfa
  RNFileViewer: ce7ca3ac370e18554d35d6355cffd7c30437c592
  RNFS: 4ac0f0ea233904cb798630b3c077808c06931688
  RNGestureHandler: 2ff93da76329c4b320910745001975b96f887a32
  RNReanimated: bec7736122a268883bdede07f1bf9cf4b40158db
  RNScreens: 34cc502acf1b916c582c60003dc3089fa01dc66d
  RNStaticSafeAreaInsets: 055ddbf5e476321720457cdaeec0ff2ba40ec1b8
  RNSVG: d00c8f91c3cbf6d476451313a18f04d220d4f396
  RNVectorIcons: bc7ee28cadf39c77a49232a14738dfce690f66cd
  SocketRocket: f32cd54efbe0f095c4d7594881e52619cfe80b17
  vision-camera-code-scanner: dda884a7f3ec8243a2a6d6489b91860648371bca
  VisionCamera: 970b76179a57e9dd9cf706a21da72689ee45d287
  Yoga: d6134eb3d6e3675afc1d6d65ccb3169b60e21980
  YogaKit: f782866e155069a2cca2517aafea43200b01fd5a

PODFILE CHECKSUM: 22bbe80df1386f7745816659a8fde7f3b6e8e367

COCOAPODS: 1.15.2
