PODS:
  - boost (1.76.0)
  - BVLinearGradient (2.8.3):
    - React-Core
  - DoubleConversion (1.1.6)
  - FBLazyVector (0.68.1)
  - FBReactNativeSpec (0.68.1):
    - RCT-Folly (= 2021.06.28.00-v2)
    - RCTRequired (= 0.68.1)
    - RCTTypeSafety (= 0.68.1)
    - React-Core (= 0.68.1)
    - React-jsi (= 0.68.1)
    - ReactCommon/turbomodule/core (= 0.68.1)
  - fmt (6.2.1)
  - glog (0.3.5)
  - GoogleDataTransport (9.3.0):
    - GoogleUtilities/Environment (~> 7.7)
    - nanopb (< 2.30910.0, >= 2.30908.0)
    - PromisesObjC (< 3.0, >= 1.2)
  - GoogleMLKit/BarcodeScanning (4.0.0):
    - GoogleMLKit/MLKitCore
    - MLKitBarcodeScanning (~> 3.0.0)
  - GoogleMLKit/MLKitCore (4.0.0):
    - MLKitCommon (~> 9.0.0)
  - GoogleToolboxForMac/DebugUtils (2.3.2):
    - GoogleToolboxForMac/Defines (= 2.3.2)
  - GoogleToolboxForMac/Defines (2.3.2)
  - GoogleToolboxForMac/Logger (2.3.2):
    - GoogleToolboxForMac/Defines (= 2.3.2)
  - "GoogleToolboxForMac/NSData+zlib (2.3.2)":
    - GoogleToolboxForMac/Defines (= 2.3.2)
  - "GoogleToolboxForMac/NSDictionary+URLArguments (2.3.2)":
    - GoogleToolboxForMac/DebugUtils (= 2.3.2)
    - GoogleToolboxForMac/Defines (= 2.3.2)
    - "GoogleToolboxForMac/NSString+URLArguments (= 2.3.2)"
  - "GoogleToolboxForMac/NSString+URLArguments (2.3.2)"
  - GoogleUtilities/Environment (7.12.0):
    - PromisesObjC (< 3.0, >= 1.2)
  - GoogleUtilities/Logger (7.12.0):
    - GoogleUtilities/Environment
  - GoogleUtilities/UserDefaults (7.12.0):
    - GoogleUtilities/Logger
  - GoogleUtilitiesComponents (1.1.0):
    - GoogleUtilities/Logger
  - GTMSessionFetcher/Core (2.3.0)
  - MLImage (1.0.0-beta4)
  - MLKitBarcodeScanning (3.0.0):
    - MLKitCommon (~> 9.0)
    - MLKitVision (~> 5.0)
  - MLKitCommon (9.0.0):
    - GoogleDataTransport (~> 9.0)
    - GoogleToolboxForMac/Logger (~> 2.1)
    - "GoogleToolboxForMac/NSData+zlib (~> 2.1)"
    - "GoogleToolboxForMac/NSDictionary+URLArguments (~> 2.1)"
    - GoogleUtilities/UserDefaults (~> 7.0)
    - GoogleUtilitiesComponents (~> 1.0)
    - GTMSessionFetcher/Core (< 3.0, >= 1.1)
  - MLKitVision (5.0.0):
    - GoogleToolboxForMac/Logger (~> 2.1)
    - "GoogleToolboxForMac/NSData+zlib (~> 2.1)"
    - GTMSessionFetcher/Core (< 3.0, >= 1.1)
    - MLImage (= 1.0.0-beta4)
    - MLKitCommon (~> 9.0)
  - MMKV (1.3.3):
    - MMKVCore (~> 1.3.3)
  - MMKVCore (1.3.3)
  - nanopb (2.30909.1):
    - nanopb/decode (= 2.30909.1)
    - nanopb/encode (= 2.30909.1)
  - nanopb/decode (2.30909.1)
  - nanopb/encode (2.30909.1)
  - PromisesObjC (2.4.0)
  - RCT-Folly (2021.06.28.00-v2):
    - boost
    - DoubleConversion
    - fmt (~> 6.2.1)
    - glog
    - RCT-Folly/Default (= 2021.06.28.00-v2)
  - RCT-Folly/Default (2021.06.28.00-v2):
    - boost
    - DoubleConversion
    - fmt (~> 6.2.1)
    - glog
  - RCTRequired (0.68.1)
  - RCTTypeSafety (0.68.1):
    - FBLazyVector (= 0.68.1)
    - RCT-Folly (= 2021.06.28.00-v2)
    - RCTRequired (= 0.68.1)
    - React-Core (= 0.68.1)
  - React (0.68.1):
    - React-Core (= 0.68.1)
    - React-Core/DevSupport (= 0.68.1)
    - React-Core/RCTWebSocket (= 0.68.1)
    - React-RCTActionSheet (= 0.68.1)
    - React-RCTAnimation (= 0.68.1)
    - React-RCTBlob (= 0.68.1)
    - React-RCTImage (= 0.68.1)
    - React-RCTLinking (= 0.68.1)
    - React-RCTNetwork (= 0.68.1)
    - React-RCTSettings (= 0.68.1)
    - React-RCTText (= 0.68.1)
    - React-RCTVibration (= 0.68.1)
  - React-callinvoker (0.68.1)
  - React-Codegen (0.68.1):
    - FBReactNativeSpec (= 0.68.1)
    - RCT-Folly (= 2021.06.28.00-v2)
    - RCTRequired (= 0.68.1)
    - RCTTypeSafety (= 0.68.1)
    - React-Core (= 0.68.1)
    - React-jsi (= 0.68.1)
    - React-jsiexecutor (= 0.68.1)
    - ReactCommon/turbomodule/core (= 0.68.1)
  - React-Core (0.68.1):
    - glog
    - RCT-Folly (= 2021.06.28.00-v2)
    - React-Core/Default (= 0.68.1)
    - React-cxxreact (= 0.68.1)
    - React-jsi (= 0.68.1)
    - React-jsiexecutor (= 0.68.1)
    - React-perflogger (= 0.68.1)
    - Yoga
  - React-Core/CoreModulesHeaders (0.68.1):
    - glog
    - RCT-Folly (= 2021.06.28.00-v2)
    - React-Core/Default
    - React-cxxreact (= 0.68.1)
    - React-jsi (= 0.68.1)
    - React-jsiexecutor (= 0.68.1)
    - React-perflogger (= 0.68.1)
    - Yoga
  - React-Core/Default (0.68.1):
    - glog
    - RCT-Folly (= 2021.06.28.00-v2)
    - React-cxxreact (= 0.68.1)
    - React-jsi (= 0.68.1)
    - React-jsiexecutor (= 0.68.1)
    - React-perflogger (= 0.68.1)
    - Yoga
  - React-Core/DevSupport (0.68.1):
    - glog
    - RCT-Folly (= 2021.06.28.00-v2)
    - React-Core/Default (= 0.68.1)
    - React-Core/RCTWebSocket (= 0.68.1)
    - React-cxxreact (= 0.68.1)
    - React-jsi (= 0.68.1)
    - React-jsiexecutor (= 0.68.1)
    - React-jsinspector (= 0.68.1)
    - React-perflogger (= 0.68.1)
    - Yoga
  - React-Core/RCTActionSheetHeaders (0.68.1):
    - glog
    - RCT-Folly (= 2021.06.28.00-v2)
    - React-Core/Default
    - React-cxxreact (= 0.68.1)
    - React-jsi (= 0.68.1)
    - React-jsiexecutor (= 0.68.1)
    - React-perflogger (= 0.68.1)
    - Yoga
  - React-Core/RCTAnimationHeaders (0.68.1):
    - glog
    - RCT-Folly (= 2021.06.28.00-v2)
    - React-Core/Default
    - React-cxxreact (= 0.68.1)
    - React-jsi (= 0.68.1)
    - React-jsiexecutor (= 0.68.1)
    - React-perflogger (= 0.68.1)
    - Yoga
  - React-Core/RCTBlobHeaders (0.68.1):
    - glog
    - RCT-Folly (= 2021.06.28.00-v2)
    - React-Core/Default
    - React-cxxreact (= 0.68.1)
    - React-jsi (= 0.68.1)
    - React-jsiexecutor (= 0.68.1)
    - React-perflogger (= 0.68.1)
    - Yoga
  - React-Core/RCTImageHeaders (0.68.1):
    - glog
    - RCT-Folly (= 2021.06.28.00-v2)
    - React-Core/Default
    - React-cxxreact (= 0.68.1)
    - React-jsi (= 0.68.1)
    - React-jsiexecutor (= 0.68.1)
    - React-perflogger (= 0.68.1)
    - Yoga
  - React-Core/RCTLinkingHeaders (0.68.1):
    - glog
    - RCT-Folly (= 2021.06.28.00-v2)
    - React-Core/Default
    - React-cxxreact (= 0.68.1)
    - React-jsi (= 0.68.1)
    - React-jsiexecutor (= 0.68.1)
    - React-perflogger (= 0.68.1)
    - Yoga
  - React-Core/RCTNetworkHeaders (0.68.1):
    - glog
    - RCT-Folly (= 2021.06.28.00-v2)
    - React-Core/Default
    - React-cxxreact (= 0.68.1)
    - React-jsi (= 0.68.1)
    - React-jsiexecutor (= 0.68.1)
    - React-perflogger (= 0.68.1)
    - Yoga
  - React-Core/RCTSettingsHeaders (0.68.1):
    - glog
    - RCT-Folly (= 2021.06.28.00-v2)
    - React-Core/Default
    - React-cxxreact (= 0.68.1)
    - React-jsi (= 0.68.1)
    - React-jsiexecutor (= 0.68.1)
    - React-perflogger (= 0.68.1)
    - Yoga
  - React-Core/RCTTextHeaders (0.68.1):
    - glog
    - RCT-Folly (= 2021.06.28.00-v2)
    - React-Core/Default
    - React-cxxreact (= 0.68.1)
    - React-jsi (= 0.68.1)
    - React-jsiexecutor (= 0.68.1)
    - React-perflogger (= 0.68.1)
    - Yoga
  - React-Core/RCTVibrationHeaders (0.68.1):
    - glog
    - RCT-Folly (= 2021.06.28.00-v2)
    - React-Core/Default
    - React-cxxreact (= 0.68.1)
    - React-jsi (= 0.68.1)
    - React-jsiexecutor (= 0.68.1)
    - React-perflogger (= 0.68.1)
    - Yoga
  - React-Core/RCTWebSocket (0.68.1):
    - glog
    - RCT-Folly (= 2021.06.28.00-v2)
    - React-Core/Default (= 0.68.1)
    - React-cxxreact (= 0.68.1)
    - React-jsi (= 0.68.1)
    - React-jsiexecutor (= 0.68.1)
    - React-perflogger (= 0.68.1)
    - Yoga
  - React-CoreModules (0.68.1):
    - RCT-Folly (= 2021.06.28.00-v2)
    - RCTTypeSafety (= 0.68.1)
    - React-Codegen (= 0.68.1)
    - React-Core/CoreModulesHeaders (= 0.68.1)
    - React-jsi (= 0.68.1)
    - React-RCTImage (= 0.68.1)
    - ReactCommon/turbomodule/core (= 0.68.1)
  - React-cxxreact (0.68.1):
    - boost (= 1.76.0)
    - DoubleConversion
    - glog
    - RCT-Folly (= 2021.06.28.00-v2)
    - React-callinvoker (= 0.68.1)
    - React-jsi (= 0.68.1)
    - React-jsinspector (= 0.68.1)
    - React-logger (= 0.68.1)
    - React-perflogger (= 0.68.1)
    - React-runtimeexecutor (= 0.68.1)
  - React-jsi (0.68.1):
    - boost (= 1.76.0)
    - DoubleConversion
    - glog
    - RCT-Folly (= 2021.06.28.00-v2)
    - React-jsi/Default (= 0.68.1)
  - React-jsi/Default (0.68.1):
    - boost (= 1.76.0)
    - DoubleConversion
    - glog
    - RCT-Folly (= 2021.06.28.00-v2)
  - React-jsiexecutor (0.68.1):
    - DoubleConversion
    - glog
    - RCT-Folly (= 2021.06.28.00-v2)
    - React-cxxreact (= 0.68.1)
    - React-jsi (= 0.68.1)
    - React-perflogger (= 0.68.1)
  - React-jsinspector (0.68.1)
  - React-logger (0.68.1):
    - glog
  - react-native-contacts (7.0.8):
    - React-Core
  - react-native-date-picker (4.2.14):
    - React-Core
  - react-native-document-picker (8.1.3):
    - React-Core
  - react-native-mmkv (2.4.3):
    - MMKV (>= 1.2.13)
    - React-Core
  - react-native-safe-area-context (4.2.4):
    - RCT-Folly
    - RCTRequired
    - RCTTypeSafety
    - React
    - ReactCommon/turbomodule/core
  - react-native-webview (11.26.1):
    - React-Core
  - React-perflogger (0.68.1)
  - React-RCTActionSheet (0.68.1):
    - React-Core/RCTActionSheetHeaders (= 0.68.1)
  - React-RCTAnimation (0.68.1):
    - RCT-Folly (= 2021.06.28.00-v2)
    - RCTTypeSafety (= 0.68.1)
    - React-Codegen (= 0.68.1)
    - React-Core/RCTAnimationHeaders (= 0.68.1)
    - React-jsi (= 0.68.1)
    - ReactCommon/turbomodule/core (= 0.68.1)
  - React-RCTBlob (0.68.1):
    - RCT-Folly (= 2021.06.28.00-v2)
    - React-Codegen (= 0.68.1)
    - React-Core/RCTBlobHeaders (= 0.68.1)
    - React-Core/RCTWebSocket (= 0.68.1)
    - React-jsi (= 0.68.1)
    - React-RCTNetwork (= 0.68.1)
    - ReactCommon/turbomodule/core (= 0.68.1)
  - React-RCTImage (0.68.1):
    - RCT-Folly (= 2021.06.28.00-v2)
    - RCTTypeSafety (= 0.68.1)
    - React-Codegen (= 0.68.1)
    - React-Core/RCTImageHeaders (= 0.68.1)
    - React-jsi (= 0.68.1)
    - React-RCTNetwork (= 0.68.1)
    - ReactCommon/turbomodule/core (= 0.68.1)
  - React-RCTLinking (0.68.1):
    - React-Codegen (= 0.68.1)
    - React-Core/RCTLinkingHeaders (= 0.68.1)
    - React-jsi (= 0.68.1)
    - ReactCommon/turbomodule/core (= 0.68.1)
  - React-RCTNetwork (0.68.1):
    - RCT-Folly (= 2021.06.28.00-v2)
    - RCTTypeSafety (= 0.68.1)
    - React-Codegen (= 0.68.1)
    - React-Core/RCTNetworkHeaders (= 0.68.1)
    - React-jsi (= 0.68.1)
    - ReactCommon/turbomodule/core (= 0.68.1)
  - React-RCTSettings (0.68.1):
    - RCT-Folly (= 2021.06.28.00-v2)
    - RCTTypeSafety (= 0.68.1)
    - React-Codegen (= 0.68.1)
    - React-Core/RCTSettingsHeaders (= 0.68.1)
    - React-jsi (= 0.68.1)
    - ReactCommon/turbomodule/core (= 0.68.1)
  - React-RCTText (0.68.1):
    - React-Core/RCTTextHeaders (= 0.68.1)
  - React-RCTVibration (0.68.1):
    - RCT-Folly (= 2021.06.28.00-v2)
    - React-Codegen (= 0.68.1)
    - React-Core/RCTVibrationHeaders (= 0.68.1)
    - React-jsi (= 0.68.1)
    - ReactCommon/turbomodule/core (= 0.68.1)
  - React-runtimeexecutor (0.68.1):
    - React-jsi (= 0.68.1)
  - ReactCommon/turbomodule/core (0.68.1):
    - DoubleConversion
    - glog
    - RCT-Folly (= 2021.06.28.00-v2)
    - React-callinvoker (= 0.68.1)
    - React-Core (= 0.68.1)
    - React-cxxreact (= 0.68.1)
    - React-jsi (= 0.68.1)
    - React-logger (= 0.68.1)
    - React-perflogger (= 0.68.1)
  - rn-fetch-blob (0.13.0-beta.1):
    - React-Core
  - RNCClipboard (1.13.0):
    - React-Core
  - RNDeviceInfo (10.12.0):
    - React-Core
  - RNFileViewer (2.1.5):
    - React-Core
  - RNFS (2.20.0):
    - React-Core
  - RNGestureHandler (2.9.0):
    - React-Core
  - RNReanimated (2.10.0):
    - DoubleConversion
    - FBLazyVector
    - FBReactNativeSpec
    - glog
    - RCT-Folly
    - RCTRequired
    - RCTTypeSafety
    - React-callinvoker
    - React-Core
    - React-Core/DevSupport
    - React-Core/RCTWebSocket
    - React-CoreModules
    - React-cxxreact
    - React-jsi
    - React-jsiexecutor
    - React-jsinspector
    - React-RCTActionSheet
    - React-RCTAnimation
    - React-RCTBlob
    - React-RCTImage
    - React-RCTLinking
    - React-RCTNetwork
    - React-RCTSettings
    - React-RCTText
    - ReactCommon/turbomodule/core
    - Yoga
  - RNScreens (3.13.1):
    - React-Core
    - React-RCTImage
  - RNStaticSafeAreaInsets (2.2.0):
    - React-Core
  - RNSVG (13.14.0):
    - React-Core
  - RNVectorIcons (9.2.0):
    - React-Core
  - vision-camera-code-scanner (0.2.0):
    - GoogleMLKit/BarcodeScanning
    - React-Core
  - VisionCamera (2.15.6):
    - React
    - React-callinvoker
    - React-Core
  - Yoga (1.14.0)

DEPENDENCIES:
  - boost (from `../node_modules/react-native/third-party-podspecs/boost.podspec`)
  - BVLinearGradient (from `../node_modules/react-native-linear-gradient`)
  - DoubleConversion (from `../node_modules/react-native/third-party-podspecs/DoubleConversion.podspec`)
  - FBLazyVector (from `../node_modules/react-native/Libraries/FBLazyVector`)
  - FBReactNativeSpec (from `../node_modules/react-native/React/FBReactNativeSpec`)
  - glog (from `../node_modules/react-native/third-party-podspecs/glog.podspec`)
  - RCT-Folly (from `../node_modules/react-native/third-party-podspecs/RCT-Folly.podspec`)
  - RCTRequired (from `../node_modules/react-native/Libraries/RCTRequired`)
  - RCTTypeSafety (from `../node_modules/react-native/Libraries/TypeSafety`)
  - React (from `../node_modules/react-native/`)
  - React-callinvoker (from `../node_modules/react-native/ReactCommon/callinvoker`)
  - React-Codegen (from `build/generated/ios`)
  - React-Core (from `../node_modules/react-native/`)
  - React-Core/DevSupport (from `../node_modules/react-native/`)
  - React-Core/RCTWebSocket (from `../node_modules/react-native/`)
  - React-CoreModules (from `../node_modules/react-native/React/CoreModules`)
  - React-cxxreact (from `../node_modules/react-native/ReactCommon/cxxreact`)
  - React-jsi (from `../node_modules/react-native/ReactCommon/jsi`)
  - React-jsiexecutor (from `../node_modules/react-native/ReactCommon/jsiexecutor`)
  - React-jsinspector (from `../node_modules/react-native/ReactCommon/jsinspector`)
  - React-logger (from `../node_modules/react-native/ReactCommon/logger`)
  - react-native-contacts (from `../node_modules/react-native-contacts`)
  - react-native-date-picker (from `../node_modules/react-native-date-picker`)
  - react-native-document-picker (from `../node_modules/react-native-document-picker`)
  - react-native-mmkv (from `../node_modules/react-native-mmkv`)
  - react-native-safe-area-context (from `../node_modules/react-native-safe-area-context`)
  - react-native-webview (from `../node_modules/react-native-webview`)
  - React-perflogger (from `../node_modules/react-native/ReactCommon/reactperflogger`)
  - React-RCTActionSheet (from `../node_modules/react-native/Libraries/ActionSheetIOS`)
  - React-RCTAnimation (from `../node_modules/react-native/Libraries/NativeAnimation`)
  - React-RCTBlob (from `../node_modules/react-native/Libraries/Blob`)
  - React-RCTImage (from `../node_modules/react-native/Libraries/Image`)
  - React-RCTLinking (from `../node_modules/react-native/Libraries/LinkingIOS`)
  - React-RCTNetwork (from `../node_modules/react-native/Libraries/Network`)
  - React-RCTSettings (from `../node_modules/react-native/Libraries/Settings`)
  - React-RCTText (from `../node_modules/react-native/Libraries/Text`)
  - React-RCTVibration (from `../node_modules/react-native/Libraries/Vibration`)
  - React-runtimeexecutor (from `../node_modules/react-native/ReactCommon/runtimeexecutor`)
  - ReactCommon/turbomodule/core (from `../node_modules/react-native/ReactCommon`)
  - rn-fetch-blob (from `../node_modules/rn-fetch-blob`)
  - "RNCClipboard (from `../node_modules/@react-native-clipboard/clipboard`)"
  - RNDeviceInfo (from `../node_modules/react-native-device-info`)
  - RNFileViewer (from `../node_modules/react-native-file-viewer`)
  - RNFS (from `../node_modules/react-native-fs`)
  - RNGestureHandler (from `../node_modules/react-native-gesture-handler`)
  - RNReanimated (from `../node_modules/react-native-reanimated`)
  - RNScreens (from `../node_modules/react-native-screens`)
  - RNStaticSafeAreaInsets (from `../node_modules/react-native-static-safe-area-insets`)
  - RNSVG (from `../node_modules/react-native-svg`)
  - RNVectorIcons (from `../node_modules/react-native-vector-icons`)
  - vision-camera-code-scanner (from `../node_modules/vision-camera-code-scanner`)
  - VisionCamera (from `../node_modules/react-native-vision-camera`)
  - Yoga (from `../node_modules/react-native/ReactCommon/yoga`)

SPEC REPOS:
  trunk:
    - fmt
    - GoogleDataTransport
    - GoogleMLKit
    - GoogleToolboxForMac
    - GoogleUtilities
    - GoogleUtilitiesComponents
    - GTMSessionFetcher
    - MLImage
    - MLKitBarcodeScanning
    - MLKitCommon
    - MLKitVision
    - MMKV
    - MMKVCore
    - nanopb
    - PromisesObjC

EXTERNAL SOURCES:
  boost:
    :podspec: "../node_modules/react-native/third-party-podspecs/boost.podspec"
  BVLinearGradient:
    :path: "../node_modules/react-native-linear-gradient"
  DoubleConversion:
    :podspec: "../node_modules/react-native/third-party-podspecs/DoubleConversion.podspec"
  FBLazyVector:
    :path: "../node_modules/react-native/Libraries/FBLazyVector"
  FBReactNativeSpec:
    :path: "../node_modules/react-native/React/FBReactNativeSpec"
  glog:
    :podspec: "../node_modules/react-native/third-party-podspecs/glog.podspec"
  RCT-Folly:
    :podspec: "../node_modules/react-native/third-party-podspecs/RCT-Folly.podspec"
  RCTRequired:
    :path: "../node_modules/react-native/Libraries/RCTRequired"
  RCTTypeSafety:
    :path: "../node_modules/react-native/Libraries/TypeSafety"
  React:
    :path: "../node_modules/react-native/"
  React-callinvoker:
    :path: "../node_modules/react-native/ReactCommon/callinvoker"
  React-Codegen:
    :path: build/generated/ios
  React-Core:
    :path: "../node_modules/react-native/"
  React-CoreModules:
    :path: "../node_modules/react-native/React/CoreModules"
  React-cxxreact:
    :path: "../node_modules/react-native/ReactCommon/cxxreact"
  React-jsi:
    :path: "../node_modules/react-native/ReactCommon/jsi"
  React-jsiexecutor:
    :path: "../node_modules/react-native/ReactCommon/jsiexecutor"
  React-jsinspector:
    :path: "../node_modules/react-native/ReactCommon/jsinspector"
  React-logger:
    :path: "../node_modules/react-native/ReactCommon/logger"
  react-native-contacts:
    :path: "../node_modules/react-native-contacts"
  react-native-date-picker:
    :path: "../node_modules/react-native-date-picker"
  react-native-document-picker:
    :path: "../node_modules/react-native-document-picker"
  react-native-mmkv:
    :path: "../node_modules/react-native-mmkv"
  react-native-safe-area-context:
    :path: "../node_modules/react-native-safe-area-context"
  react-native-webview:
    :path: "../node_modules/react-native-webview"
  React-perflogger:
    :path: "../node_modules/react-native/ReactCommon/reactperflogger"
  React-RCTActionSheet:
    :path: "../node_modules/react-native/Libraries/ActionSheetIOS"
  React-RCTAnimation:
    :path: "../node_modules/react-native/Libraries/NativeAnimation"
  React-RCTBlob:
    :path: "../node_modules/react-native/Libraries/Blob"
  React-RCTImage:
    :path: "../node_modules/react-native/Libraries/Image"
  React-RCTLinking:
    :path: "../node_modules/react-native/Libraries/LinkingIOS"
  React-RCTNetwork:
    :path: "../node_modules/react-native/Libraries/Network"
  React-RCTSettings:
    :path: "../node_modules/react-native/Libraries/Settings"
  React-RCTText:
    :path: "../node_modules/react-native/Libraries/Text"
  React-RCTVibration:
    :path: "../node_modules/react-native/Libraries/Vibration"
  React-runtimeexecutor:
    :path: "../node_modules/react-native/ReactCommon/runtimeexecutor"
  ReactCommon:
    :path: "../node_modules/react-native/ReactCommon"
  rn-fetch-blob:
    :path: "../node_modules/rn-fetch-blob"
  RNCClipboard:
    :path: "../node_modules/@react-native-clipboard/clipboard"
  RNDeviceInfo:
    :path: "../node_modules/react-native-device-info"
  RNFileViewer:
    :path: "../node_modules/react-native-file-viewer"
  RNFS:
    :path: "../node_modules/react-native-fs"
  RNGestureHandler:
    :path: "../node_modules/react-native-gesture-handler"
  RNReanimated:
    :path: "../node_modules/react-native-reanimated"
  RNScreens:
    :path: "../node_modules/react-native-screens"
  RNStaticSafeAreaInsets:
    :path: "../node_modules/react-native-static-safe-area-insets"
  RNSVG:
    :path: "../node_modules/react-native-svg"
  RNVectorIcons:
    :path: "../node_modules/react-native-vector-icons"
  vision-camera-code-scanner:
    :path: "../node_modules/vision-camera-code-scanner"
  VisionCamera:
    :path: "../node_modules/react-native-vision-camera"
  Yoga:
    :path: "../node_modules/react-native/ReactCommon/yoga"

SPEC CHECKSUMS:
  boost: a7c83b31436843459a1961bfd74b96033dc77234
  BVLinearGradient: 880f91a7854faff2df62518f0281afb1c60d49a3
  DoubleConversion: 831926d9b8bf8166fd87886c4abab286c2422662
  FBLazyVector: 2c76493a346ef8cacf1f442926a39f805fffec1f
  FBReactNativeSpec: 371350f24afa87b6aba606972ec959dcd4a95c9a
  fmt: ff9d55029c625d3757ed641535fd4a75fedc7ce9
  glog: 476ee3e89abb49e07f822b48323c51c57124b572
  GoogleDataTransport: 57c22343ab29bc686febbf7cbb13bad167c2d8fe
  GoogleMLKit: 2bd0dc6253c4d4f227aad460f69215a504b2980e
  GoogleToolboxForMac: 8bef7c7c5cf7291c687cf5354f39f9db6399ad34
  GoogleUtilities: 0759d1a57ebb953965c2dfe0ba4c82e95ccc2e34
  GoogleUtilitiesComponents: 679b2c881db3b615a2777504623df6122dd20afe
  GTMSessionFetcher: 3a63d75eecd6aa32c2fc79f578064e1214dfdec2
  MLImage: 7bb7c4264164ade9bf64f679b40fb29c8f33ee9b
  MLKitBarcodeScanning: 04e264482c5f3810cb89ebc134ef6b61e67db505
  MLKitCommon: c1b791c3e667091918d91bda4bba69a91011e390
  MLKitVision: 8baa5f46ee3352614169b85250574fde38c36f49
  MMKV: f902fb6719da13c2ab0965233d8963a59416f911
  MMKVCore: d26e4d3edd5cb8588c2569222cbd8be4231374e9
  nanopb: d4d75c12cd1316f4a64e3c6963f879ecd4b5e0d5
  PromisesObjC: f5707f49cb48b9636751c5b2e7d227e43fba9f47
  RCT-Folly: 4d8508a426467c48885f1151029bc15fa5d7b3b8
  RCTRequired: 00581111c53531e39e3c6346ef0d2c0cf52a5a37
  RCTTypeSafety: 07e03ee7800e7dd65cba8e52ad0c2edb06c96604
  React: e61f4bf3c573d0c61c56b53dc3eb1d9daf0768a0
  React-callinvoker: 047d47230bb6fd66827f8cb0bea4e944ffd1309b
  React-Codegen: bb0403cde7374af091530e84e492589485aab480
  React-Core: a4a3a8e10d004b08e013c3d0438259dd89a3894c
  React-CoreModules: bb9f8bc36f1ae6d780b856927fa9d4aa01ccccc0
  React-cxxreact: 7dd472aefb8629d6080cbb859240bafccd902704
  React-jsi: b25808afe821b607d51c779bdd1717be8393b7ec
  React-jsiexecutor: 4a4bae5671b064a2248a690cf75957669489d08c
  React-jsinspector: 218a2503198ff28a085f8e16622a8d8f507c8019
  React-logger: f79dd3cc0f9b44f5611c6c7862badd891a862cf8
  react-native-contacts: cb4f3b823550adbce0802901b9e63bf1526ec0af
  react-native-date-picker: 8847cb359cf259ddae5ed165217e15573a654519
  react-native-document-picker: 958e2bc82e128be69055be261aeac8d872c8d34c
  react-native-mmkv: 1265a348a4711097ba29c8bcefd5971f48220f2b
  react-native-safe-area-context: f98b0b16d1546d208fc293b4661e3f81a895afd9
  react-native-webview: 9f111dfbcfc826084d6c507f569e5e03342ee1c1
  React-perflogger: 30ab8d6db10e175626069e742eead3ebe8f24fd5
  React-RCTActionSheet: 4b45da334a175b24dabe75f856b98fed3dfd6201
  React-RCTAnimation: d6237386cb04500889877845b3e9e9291146bc2e
  React-RCTBlob: bc9e2cd738c43bd2948e862e371402ef9584730a
  React-RCTImage: 9f8cac465c6e5837007f59ade2a0a741016dd6a3
  React-RCTLinking: 5073abb7d30cc0824b2172bd4582fc15bfc40510
  React-RCTNetwork: 28ff94aa7d8fc117fc800b87dd80869a00d2bef3
  React-RCTSettings: f27aa036f7270fe6ca43f8cdd1819e821fa429a0
  React-RCTText: 7cb6f86fa7bc86f22f16333ad243b158e63b2a68
  React-RCTVibration: 9e344c840176b0af9c84d5019eb4fed8b3c105a1
  React-runtimeexecutor: 7285b499d0339104b2813a1f58ad1ada4adbd6c0
  ReactCommon: bf2888a826ceedf54b99ad1b6182d1bc4a8a3984
  rn-fetch-blob: a55789391d32d9c951b5b9eb7e3c3635ec67e324
  RNCClipboard: 204b94473a99932e314b730a81363e0bf795a60d
  RNDeviceInfo: db5c64a060e66e5db3102d041ebe3ef307a85120
  RNFileViewer: ce7ca3ac370e18554d35d6355cffd7c30437c592
  RNFS: 4ac0f0ea233904cb798630b3c077808c06931688
  RNGestureHandler: 071d7a9ad81e8b83fe7663b303d132406a7d8f39
  RNReanimated: 5bdcbcc3a72aedeee7bb099604262403aa75a1e5
  RNScreens: 40a2cb40a02a609938137a1e0acfbf8fc9eebf19
  RNStaticSafeAreaInsets: 055ddbf5e476321720457cdaeec0ff2ba40ec1b8
  RNSVG: d00c8f91c3cbf6d476451313a18f04d220d4f396
  RNVectorIcons: fcc2f6cb32f5735b586e66d14103a74ce6ad61f8
  vision-camera-code-scanner: dda884a7f3ec8243a2a6d6489b91860648371bca
  VisionCamera: bba0d9e344a4ac5d3336585bbbf16f1f14be43d1
  Yoga: 17cd9a50243093b547c1e539c749928dd68152da

PODFILE CHECKSUM: df7003f56c15f8625f5d9729b318dd0f635f608d

COCOAPODS: 1.15.2
